<?xml version="1.0" encoding="utf-8"?>
<Project ToolsVersion="4.0" xmlns="http://schemas.microsoft.com/developer/msbuild/2003">
  <ItemGroup>
    <Filter Include="Source Files">
      <UniqueIdentifier>{4FC737F1-C7A5-4376-A066-2A32D752A2FF}</UniqueIdentifier>
      <Extensions>cpp;c;cc;cxx;c++;cppm;ixx;def;odl;idl;hpj;bat;asm;asmx</Extensions>
    </Filter>
    <Filter Include="Header Files">
      <UniqueIdentifier>{93995380-89BD-4b04-88EB-625FBE52EBFB}</UniqueIdentifier>
      <Extensions>h;hh;hpp;hxx;h++;hm;inl;inc;ipp;xsd</Extensions>
    </Filter>
    <Filter Include="Resource Files">
      <UniqueIdentifier>{67DA6AB6-F800-4c08-8B7A-83BB121AAD01}</UniqueIdentifier>
      <Extensions>rc;ico;cur;bmp;dlg;rc2;rct;bin;rgs;gif;jpg;jpeg;jpe;resx;tiff;tif;png;wav;mfcribbon-ms</Extensions>
    </Filter>
    <Filter Include="Documents">
      <UniqueIdentifier>{574e7b3f-2352-44f1-b7b9-7d16ffde4b73}</UniqueIdentifier>
    </Filter>
    <Filter Include="OpenGLBase">
      <UniqueIdentifier>{36c9cd6f-127e-43da-a8a4-16ed7a7a8c0e}</UniqueIdentifier>
    </Filter>
    <Filter Include="OpenGLBase\Application by base">
      <UniqueIdentifier>{3e970c1a-31ad-412f-8b88-5036f066c99d}</UniqueIdentifier>
    </Filter>
  </ItemGroup>
  <ItemGroup>
    <ClInclude Include="..\Include\ToInclude.h">
      <Filter>Header Files</Filter>
    </ClInclude>
    <ClInclude Include="..\Include\OpenGLBase\Exception.h">
      <Filter>OpenGLBase</Filter>
    </ClInclude>
    <ClInclude Include="..\Include\OpenGLBase\FrameBufferBase.h">
      <Filter>OpenGLBase</Filter>
    </ClInclude>
    <ClInclude Include="..\Include\OpenGLBase\OpenGLBase.h">
      <Filter>OpenGLBase</Filter>
    </ClInclude>
    <ClInclude Include="..\Include\OpenGLBase\OpenGLCommon.h">
      <Filter>OpenGLBase</Filter>
    </ClInclude>
    <ClInclude Include="..\Include\OpenGLBase\RenderBufferBase.h">
      <Filter>OpenGLBase</Filter>
    </ClInclude>
    <ClInclude Include="..\Include\OpenGLBase\ShaderBase.h">
      <Filter>OpenGLBase</Filter>
    </ClInclude>
    <ClInclude Include="..\Include\OpenGLBase\TextureBase.h">
      <Filter>OpenGLBase</Filter>
    </ClInclude>
    <ClInclude Include="..\Include\OpenGLBase\VertexArrayObject.h">
      <Filter>OpenGLBase</Filter>
    </ClInclude>
    <ClInclude Include="..\Include\OpenGLBase\VertexBufferObject.h">
      <Filter>OpenGLBase</Filter>
    </ClInclude>
    <ClInclude Include="..\Source\GLUTWindow.h">
      <Filter>Header Files</Filter>
    </ClInclude>
    <ClInclude Include="..\Source\Application by base\DrawSimpleModel.h">
      <Filter>OpenGLBase\Application by base</Filter>
    </ClInclude>
    <ClInclude Include="..\Include\OpenGLBase\ScreenQuad.h">
      <Filter>OpenGLBase</Filter>
    </ClInclude>
    <ClInclude Include="..\Include\OpenGLBase\stb_image.h">
      <Filter>OpenGLBase</Filter>
    </ClInclude>
    <ClInclude Include="..\Source\Application by base\TextureImage.h">
      <Filter>OpenGLBase\Application by base</Filter>
    </ClInclude>
  </ItemGroup>
  <ItemGroup>
    <ClCompile Include="..\Include\ToInclude.cpp">
      <Filter>Source Files</Filter>
    </ClCompile>
    <ClCompile Include="..\Source\main.cpp">
      <Filter>Resource Files</Filter>
    </ClCompile>
    <ClCompile Include="..\Include\OpenGLBase\TextureBase.cpp">
      <Filter>OpenGLBase</Filter>
    </ClCompile>
    <ClCompile Include="..\Include\OpenGLBase\ShaderBase.cpp">
      <Filter>OpenGLBase</Filter>
    </ClCompile>
  </ItemGroup>
  <ItemGroup>
    <None Include="..\Readme.md">
      <Filter>Documents</Filter>
    </None>
  </ItemGroup>
</Project>